
Microsoft Visual Studio Solution File, Format Version 12.00
Project("{FAE04EC0-301F-11D3-BF4B-00C04F79EFBC}") = "PageableEndpoints", "PageableEndpoints\PageableEndpoints.csproj", "{50488E93-2E51-42B2-891B-4884FDF1A53A}"
EndProject
Global
	GlobalSection(SolutionConfigurationPlatforms) = preSolution
		Debug|Any CPU = Debug|Any CPU
		Release|Any CPU = Release|Any CPU
	EndGlobalSection
	GlobalSection(ProjectConfigurationPlatforms) = postSolution
		{50488E93-2E51-42B2-891B-4884FDF1A53A}.Debug|Any CPU.ActiveCfg = Debug|Any CPU
		{50488E93-2E51-42B2-891B-4884FDF1A53A}.Debug|Any CPU.Build.0 = Debug|Any CPU
		{50488E93-2E51-42B2-891B-4884FDF1A53A}.Release|Any CPU.ActiveCfg = Release|Any CPU
		{50488E93-2E51-42B2-891B-4884FDF1A53A}.Release|Any CPU.Build.0 = Release|Any CPU
	EndGlobalSection
EndGlobal
